// !$*UTF8*$!
{
	archiveVersion = 1;
	classes = {
	};
	objectVersion = 50;
	objects = {

/* Begin PBXBuildFile section */
		190015A821359293004B0DE5 /* AppDelegate.m in Sources */ = {isa = PBXBuildFile; fileRef = 190015A721359293004B0DE5 /* AppDelegate.m */; };
		190015AB21359293004B0DE5 /* ViewController.m in Sources */ = {isa = PBXBuildFile; fileRef = 190015AA21359293004B0DE5 /* ViewController.m */; };
		190015AE21359293004B0DE5 /* Main.storyboard in Resources */ = {isa = PBXBuildFile; fileRef = 190015AC21359293004B0DE5 /* Main.storyboard */; };
		190015B021359297004B0DE5 /* Assets.xcassets in Resources */ = {isa = PBXBuildFile; fileRef = 190015AF21359297004B0DE5 /* Assets.xcassets */; };
		190015B321359297004B0DE5 /* LaunchScreen.storyboard in Resources */ = {isa = PBXBuildFile; fileRef = 190015B121359297004B0DE5 /* LaunchScreen.storyboard */; };
		190015B621359297004B0DE5 /* main.m in Sources */ = {isa = PBXBuildFile; fileRef = 190015B521359297004B0DE5 /* main.m */; };
		190015C021359298004B0DE5 /* CTNetworkingTests.m in Sources */ = {isa = PBXBuildFile; fileRef = 190015BF21359298004B0DE5 /* CTNetworkingTests.m */; };
		190015CB21359298004B0DE5 /* CTNetworkingUITests.m in Sources */ = {isa = PBXBuildFile; fileRef = 190015CA21359298004B0DE5 /* CTNetworkingUITests.m */; };
		F34E9A510AC09A9E0F907579 /* libPods-CTNetworking.a in Frameworks */ = {isa = PBXBuildFile; fileRef = 83FC05B9556D47490A66B9FA /* libPods-CTNetworking.a */; };
/* End PBXBuildFile section */

/* Begin PBXContainerItemProxy section */
		190015BC21359298004B0DE5 /* PBXContainerItemProxy */ = {
			isa = PBXContainerItemProxy;
			containerPortal = 1900159B21359293004B0DE5 /* Project object */;
			proxyType = 1;
			remoteGlobalIDString = 190015A221359293004B0DE5;
			remoteInfo = CTNetworking;
		};
		190015C721359298004B0DE5 /* PBXContainerItemProxy */ = {
			isa = PBXContainerItemProxy;
			containerPortal = 1900159B21359293004B0DE5 /* Project object */;
			proxyType = 1;
			remoteGlobalIDString = 190015A221359293004B0DE5;
			remoteInfo = CTNetworking;
		};
/* End PBXContainerItemProxy section */

/* Begin PBXFileReference section */
		190015A321359293004B0DE5 /* CTNetworking.app */ = {isa = PBXFileReference; explicitFileType = wrapper.application; includeInIndex = 0; path = CTNetworking.app; sourceTree = BUILT_PRODUCTS_DIR; };
		190015A621359293004B0DE5 /* AppDelegate.h */ = {isa = PBXFileReference; lastKnownFileType = sourcecode.c.h; path = AppDelegate.h; sourceTree = "<group>"; };
		190015A721359293004B0DE5 /* AppDelegate.m */ = {isa = PBXFileReference; lastKnownFileType = sourcecode.c.objc; path = AppDelegate.m; sourceTree = "<group>"; };
		190015A921359293004B0DE5 /* ViewController.h */ = {isa = PBXFileReference; lastKnownFileType = sourcecode.c.h; path = ViewController.h; sourceTree = "<group>"; };
		190015AA21359293004B0DE5 /* ViewController.m */ = {isa = PBXFileReference; lastKnownFileType = sourcecode.c.objc; path = ViewController.m; sourceTree = "<group>"; };
		190015AD21359293004B0DE5 /* Base */ = {isa = PBXFileReference; lastKnownFileType = file.storyboard; name = Base; path = Base.lproj/Main.storyboard; sourceTree = "<group>"; };
		190015AF21359297004B0DE5 /* Assets.xcassets */ = {isa = PBXFileReference; lastKnownFileType = folder.assetcatalog; path = Assets.xcassets; sourceTree = "<group>"; };
		190015B221359297004B0DE5 /* Base */ = {isa = PBXFileReference; lastKnownFileType = file.storyboard; name = Base; path = Base.lproj/LaunchScreen.storyboard; sourceTree = "<group>"; };
		190015B421359297004B0DE5 /* Info.plist */ = {isa = PBXFileReference; lastKnownFileType = text.plist.xml; path = Info.plist; sourceTree = "<group>"; };
		190015B521359297004B0DE5 /* main.m */ = {isa = PBXFileReference; lastKnownFileType = sourcecode.c.objc; path = main.m; sourceTree = "<group>"; };
		190015BB21359298004B0DE5 /* CTNetworkingTests.xctest */ = {isa = PBXFileReference; explicitFileType = wrapper.cfbundle; includeInIndex = 0; path = CTNetworkingTests.xctest; sourceTree = BUILT_PRODUCTS_DIR; };
		190015BF21359298004B0DE5 /* CTNetworkingTests.m */ = {isa = PBXFileReference; lastKnownFileType = sourcecode.c.objc; path = CTNetworkingTests.m; sourceTree = "<group>"; };
		190015C121359298004B0DE5 /* Info.plist */ = {isa = PBXFileReference; lastKnownFileType = text.plist.xml; path = Info.plist; sourceTree = "<group>"; };
		190015C621359298004B0DE5 /* CTNetworkingUITests.xctest */ = {isa = PBXFileReference; explicitFileType = wrapper.cfbundle; includeInIndex = 0; path = CTNetworkingUITests.xctest; sourceTree = BUILT_PRODUCTS_DIR; };
		190015CA21359298004B0DE5 /* CTNetworkingUITests.m */ = {isa = PBXFileReference; lastKnownFileType = sourcecode.c.objc; path = CTNetworkingUITests.m; sourceTree = "<group>"; };
		190015CC21359298004B0DE5 /* Info.plist */ = {isa = PBXFileReference; lastKnownFileType = text.plist.xml; path = Info.plist; sourceTree = "<group>"; };
		41F8AFFCD79CA6BBE1C1F684 /* Pods-CTNetworking.debug.xcconfig */ = {isa = PBXFileReference; includeInIndex = 1; lastKnownFileType = text.xcconfig; name = "Pods-CTNetworking.debug.xcconfig"; path = "Pods/Target Support Files/Pods-CTNetworking/Pods-CTNetworking.debug.xcconfig"; sourceTree = "<group>"; };
		83FC05B9556D47490A66B9FA /* libPods-CTNetworking.a */ = {isa = PBXFileReference; explicitFileType = archive.ar; includeInIndex = 0; path = "libPods-CTNetworking.a"; sourceTree = BUILT_PRODUCTS_DIR; };
		B5CFED98142F111F3A0D5925 /* Pods-CTNetworking.release.xcconfig */ = {isa = PBXFileReference; includeInIndex = 1; lastKnownFileType = text.xcconfig; name = "Pods-CTNetworking.release.xcconfig"; path = "Pods/Target Support Files/Pods-CTNetworking/Pods-CTNetworking.release.xcconfig"; sourceTree = "<group>"; };
/* End PBXFileReference section */

/* Begin PBXFrameworksBuildPhase section */
		190015A021359293004B0DE5 /* Frameworks */ = {
			isa = PBXFrameworksBuildPhase;
			buildActionMask = 2147483647;
			files = (
				F34E9A510AC09A9E0F907579 /* libPods-CTNetworking.a in Frameworks */,
			);
			runOnlyForDeploymentPostprocessing = 0;
		};
		190015B821359298004B0DE5 /* Frameworks */ = {
			isa = PBXFrameworksBuildPhase;
			buildActionMask = 2147483647;
			files = (
			);
			runOnlyForDeploymentPostprocessing = 0;
		};
		190015C321359298004B0DE5 /* Frameworks */ = {
			isa = PBXFrameworksBuildPhase;
			buildActionMask = 2147483647;
			files = (
			);
			runOnlyForDeploymentPostprocessing = 0;
		};
/* End PBXFrameworksBuildPhase section */

/* Begin PBXGroup section */
		075B669D64EFD4DABD559FE9 /* Frameworks */ = {
			isa = PBXGroup;
			children = (
				83FC05B9556D47490A66B9FA /* libPods-CTNetworking.a */,
			);
			name = Frameworks;
			sourceTree = "<group>";
		};
		1900159A21359293004B0DE5 = {
			isa = PBXGroup;
			children = (
				190015A521359293004B0DE5 /* CTNetworking */,
				190015BE21359298004B0DE5 /* CTNetworkingTests */,
				190015C921359298004B0DE5 /* CTNetworkingUITests */,
				190015A421359293004B0DE5 /* Products */,
				3E64F6F22C65CACCB7E7D22A /* Pods */,
				075B669D64EFD4DABD559FE9 /* Frameworks */,
			);
			sourceTree = "<group>";
		};
		190015A421359293004B0DE5 /* Products */ = {
			isa = PBXGroup;
			children = (
				190015A321359293004B0DE5 /* CTNetworking.app */,
				190015BB21359298004B0DE5 /* CTNetworkingTests.xctest */,
				190015C621359298004B0DE5 /* CTNetworkingUITests.xctest */,
			);
			name = Products;
			sourceTree = "<group>";
		};
		190015A521359293004B0DE5 /* CTNetworking */ = {
			isa = PBXGroup;
			children = (
				190015A621359293004B0DE5 /* AppDelegate.h */,
				190015A721359293004B0DE5 /* AppDelegate.m */,
				190015A921359293004B0DE5 /* ViewController.h */,
				190015AA21359293004B0DE5 /* ViewController.m */,
				190015AC21359293004B0DE5 /* Main.storyboard */,
				190015AF21359297004B0DE5 /* Assets.xcassets */,
				190015B121359297004B0DE5 /* LaunchScreen.storyboard */,
				190015B421359297004B0DE5 /* Info.plist */,
				190015B521359297004B0DE5 /* main.m */,
			);
			path = CTNetworking;
			sourceTree = "<group>";
		};
		190015BE21359298004B0DE5 /* CTNetworkingTests */ = {
			isa = PBXGroup;
			children = (
				190015BF21359298004B0DE5 /* CTNetworkingTests.m */,
				190015C121359298004B0DE5 /* Info.plist */,
			);
			path = CTNetworkingTests;
			sourceTree = "<group>";
		};
		190015C921359298004B0DE5 /* CTNetworkingUITests */ = {
			isa = PBXGroup;
			children = (
				190015CA21359298004B0DE5 /* CTNetworkingUITests.m */,
				190015CC21359298004B0DE5 /* Info.plist */,
			);
			path = CTNetworkingUITests;
			sourceTree = "<group>";
		};
		3E64F6F22C65CACCB7E7D22A /* Pods */ = {
			isa = PBXGroup;
			children = (
				41F8AFFCD79CA6BBE1C1F684 /* Pods-CTNetworking.debug.xcconfig */,
				B5CFED98142F111F3A0D5925 /* Pods-CTNetworking.release.xcconfig */,
			);
			name = Pods;
			sourceTree = "<group>";
		};
/* End PBXGroup section */

/* Begin PBXNativeTarget section */
		190015A221359293004B0DE5 /* CTNetworking */ = {
			isa = PBXNativeTarget;
			buildConfigurationList = 190015CF21359298004B0DE5 /* Build configuration list for PBXNativeTarget "CTNetworking" */;
			buildPhases = (
				F449C3584301EC1179DD03D4 /* [CP] Check Pods Manifest.lock */,
				1900159F21359293004B0DE5 /* Sources */,
				190015A021359293004B0DE5 /* Frameworks */,
				190015A121359293004B0DE5 /* Resources */,
				13F0972B3EAD9841EE2E44C7 /* [CP] Copy Pods Resources */,
			);
			buildRules = (
			);
			dependencies = (
			);
			name = CTNetworking;
			productName = CTNetworking;
			productReference = 190015A321359293004B0DE5 /* CTNetworking.app */;
			productType = "com.apple.product-type.application";
		};
		190015BA21359298004B0DE5 /* CTNetworkingTests */ = {
			isa = PBXNativeTarget;
			buildConfigurationList = 190015D221359298004B0DE5 /* Build configuration list for PBXNativeTarget "CTNetworkingTests" */;
			buildPhases = (
				190015B721359298004B0DE5 /* Sources */,
				190015B821359298004B0DE5 /* Frameworks */,
				190015B921359298004B0DE5 /* Resources */,
			);
			buildRules = (
			);
			dependencies = (
				190015BD21359298004B0DE5 /* PBXTargetDependency */,
			);
			name = CTNetworkingTests;
			productName = CTNetworkingTests;
			productReference = 190015BB21359298004B0DE5 /* CTNetworkingTests.xctest */;
			productType = "com.apple.product-type.bundle.unit-test";
		};
		190015C521359298004B0DE5 /* CTNetworkingUITests */ = {
			isa = PBXNativeTarget;
			buildConfigurationList = 190015D521359298004B0DE5 /* Build configuration list for PBXNativeTarget "CTNetworkingUITests" */;
			buildPhases = (
				190015C221359298004B0DE5 /* Sources */,
				190015C321359298004B0DE5 /* Frameworks */,
				190015C421359298004B0DE5 /* Resources */,
			);
			buildRules = (
			);
			dependencies = (
				190015C821359298004B0DE5 /* PBXTargetDependency */,
			);
			name = CTNetworkingUITests;
			productName = CTNetworkingUITests;
			productReference = 190015C621359298004B0DE5 /* CTNetworkingUITests.xctest */;
			productType = "com.apple.product-type.bundle.ui-testing";
		};
/* End PBXNativeTarget section */

/* Begin PBXProject section */
		1900159B21359293004B0DE5 /* Project object */ = {
			isa = PBXProject;
			attributes = {
				LastUpgradeCheck = 0940;
				ORGANIZATIONNAME = bhlin;
				TargetAttributes = {
					190015A221359293004B0DE5 = {
						CreatedOnToolsVersion = 9.4;
					};
					190015BA21359298004B0DE5 = {
						CreatedOnToolsVersion = 9.4;
						TestTargetID = 190015A221359293004B0DE5;
					};
					190015C521359298004B0DE5 = {
						CreatedOnToolsVersion = 9.4;
						TestTargetID = 190015A221359293004B0DE5;
					};
				};
			};
			buildConfigurationList = 1900159E21359293004B0DE5 /* Build configuration list for PBXProject "CTNetworking" */;
			compatibilityVersion = "Xcode 9.3";
			developmentRegion = en;
			hasScannedForEncodings = 0;
			knownRegions = (
				en,
				Base,
			);
			mainGroup = 1900159A21359293004B0DE5;
			productRefGroup = 190015A421359293004B0DE5 /* Products */;
			projectDirPath = "";
			projectRoot = "";
			targets = (
				190015A221359293004B0DE5 /* CTNetworking */,
				190015BA21359298004B0DE5 /* CTNetworkingTests */,
				190015C521359298004B0DE5 /* CTNetworkingUITests */,
			);
		};
/* End PBXProject section */

/* Begin PBXResourcesBuildPhase section */
		190015A121359293004B0DE5 /* Resources */ = {
			isa = PBXResourcesBuildPhase;
			buildActionMask = 2147483647;
			files = (
				190015B321359297004B0DE5 /* LaunchScreen.storyboard in Resources */,
				190015B021359297004B0DE5 /* Assets.xcassets in Resources */,
				190015AE21359293004B0DE5 /* Main.storyboard in Resources */,
			);
			runOnlyForDeploymentPostprocessing = 0;
		};
		190015B921359298004B0DE5 /* Resources */ = {
			isa = PBXResourcesBuildPhase;
			buildActionMask = 2147483647;
			files = (
			);
			runOnlyForDeploymentPostprocessing = 0;
		};
		190015C421359298004B0DE5 /* Resources */ = {
			isa = PBXResourcesBuildPhase;
			buildActionMask = 2147483647;
			files = (
			);
			runOnlyForDeploymentPostprocessing = 0;
		};
/* End PBXResourcesBuildPhase section */

/* Begin PBXShellScriptBuildPhase section */
		13F0972B3EAD9841EE2E44C7 /* [CP] Copy Pods Resources */ = {
			isa = PBXShellScriptBuildPhase;
			buildActionMask = 2147483647;
			files = (
			);
			inputPaths = (
				"${SRCROOT}/Pods/Target Support Files/Pods-CTNetworking/Pods-CTNetworking-resources.sh",
				"${PODS_ROOT}/MJRefresh/MJRefresh/MJRefresh.bundle",
			);
			name = "[CP] Copy Pods Resources";
			outputPaths = (
				"${TARGET_BUILD_DIR}/${UNLOCALIZED_RESOURCES_FOLDER_PATH}/MJRefresh.bundle",
			);
			runOnlyForDeploymentPostprocessing = 0;
			shellPath = /bin/sh;
			shellScript = "\"${SRCROOT}/Pods/Target Support Files/Pods-CTNetworking/Pods-CTNetworking-resources.sh\"\n";
			showEnvVarsInLog = 0;
		};
		F449C3584301EC1179DD03D4 /* [CP] Check Pods Manifest.lock */ = {
			isa = PBXShellScriptBuildPhase;
			buildActionMask = 2147483647;
			files = (
			);
			inputPaths = (
				"${PODS_PODFILE_DIR_PATH}/Podfile.lock",
				"${PODS_ROOT}/Manifest.lock",
			);
			name = "[CP] Check Pods Manifest.lock";
			outputPaths = (
				"$(DERIVED_FILE_DIR)/Pods-CTNetworking-checkManifestLockResult.txt",
			);
			runOnlyForDeploymentPostprocessing = 0;
			shellPath = /bin/sh;
			shellScript = "diff \"${PODS_PODFILE_DIR_PATH}/Podfile.lock\" \"${PODS_ROOT}/Manifest.lock\" > /dev/null\nif [ $? != 0 ] ; then\n    # print error to STDERR\n    echo \"error: The sandbox is not in sync with the Podfile.lock. Run 'pod install' or update your CocoaPods installation.\" >&2\n    exit 1\nfi\n# This output is used by Xcode 'outputs' to avoid re-running this script phase.\necho \"SUCCESS\" > \"${SCRIPT_OUTPUT_FILE_0}\"\n";
			showEnvVarsInLog = 0;
		};
/* End PBXShellScriptBuildPhase section */

/* Begin PBXSourcesBuildPhase section */
		1900159F21359293004B0DE5 /* Sources */ = {
			isa = PBXSourcesBuildPhase;
			buildActionMask = 2147483647;
			files = (
				190015AB21359293004B0DE5 /* ViewController.m in Sources */,
				190015B621359297004B0DE5 /* main.m in Sources */,
				190015A821359293004B0DE5 /* AppDelegate.m in Sources */,
			);
			runOnlyForDeploymentPostprocessing = 0;
		};
		190015B721359298004B0DE5 /* Sources */ = {
			isa = PBXSourcesBuildPhase;
			buildActionMask = 2147483647;
			files = (
				190015C021359298004B0DE5 /* CTNetworkingTests.m in Sources */,
			);
			runOnlyForDeploymentPostprocessing = 0;
		};
		190015C221359298004B0DE5 /* Sources */ = {
			isa = PBXSourcesBuildPhase;
			buildActionMask = 2147483647;
			files = (
				190015CB21359298004B0DE5 /* CTNetworkingUITests.m in Sources */,
			);
			runOnlyForDeploymentPostprocessing = 0;
		};
/* End PBXSourcesBuildPhase section */

/* Begin PBXTargetDependency section */
		190015BD21359298004B0DE5 /* PBXTargetDependency */ = {
			isa = PBXTargetDependency;
			target = 190015A221359293004B0DE5 /* CTNetworking */;
			targetProxy = 190015BC21359298004B0DE5 /* PBXContainerItemProxy */;
		};
		190015C821359298004B0DE5 /* PBXTargetDependency */ = {
			isa = PBXTargetDependency;
			target = 190015A221359293004B0DE5 /* CTNetworking */;
			targetProxy = 190015C721359298004B0DE5 /* PBXContainerItemProxy */;
		};
/* End PBXTargetDependency section */

/* Begin PBXVariantGroup section */
		190015AC21359293004B0DE5 /* Main.storyboard */ = {
			isa = PBXVariantGroup;
			children = (
				190015AD21359293004B0DE5 /* Base */,
			);
			name = Main.storyboard;
			sourceTree = "<group>";
		};
		190015B121359297004B0DE5 /* LaunchScreen.storyboard */ = {
			isa = PBXVariantGroup;
			children = (
				190015B221359297004B0DE5 /* Base */,
			);
			name = LaunchScreen.storyboard;
			sourceTree = "<group>";
		};
/* End PBXVariantGroup section */

/* Begin XCBuildConfiguration section */
		190015CD21359298004B0DE5 /* Debug */ = {
			isa = XCBuildConfiguration;
			buildSettings = {
				ALWAYS_SEARCH_USER_PATHS = NO;
				CLANG_ANALYZER_NONNULL = YES;
				CLANG_ANALYZER_NUMBER_OBJECT_CONVERSION = YES_AGGRESSIVE;
				CLANG_CXX_LANGUAGE_STANDARD = "gnu++14";
				CLANG_CXX_LIBRARY = "libc++";
				CLANG_ENABLE_MODULES = YES;
				CLANG_ENABLE_OBJC_ARC = YES;
				CLANG_ENABLE_OBJC_WEAK = YES;
				CLANG_WARN_BLOCK_CAPTURE_AUTORELEASING = YES;
				CLANG_WARN_BOOL_CONVERSION = YES;
				CLANG_WARN_COMMA = YES;
				CLANG_WARN_CONSTANT_CONVERSION = YES;
				CLANG_WARN_DEPRECATED_OBJC_IMPLEMENTATIONS = YES;
				CLANG_WARN_DIRECT_OBJC_ISA_USAGE = YES_ERROR;
				CLANG_WARN_DOCUMENTATION_COMMENTS = YES;
				CLANG_WARN_EMPTY_BODY = YES;
				CLANG_WARN_ENUM_CONVERSION = YES;
				CLANG_WARN_INFINITE_RECURSION = YES;
				CLANG_WARN_INT_CONVERSION = YES;
				CLANG_WARN_NON_LITERAL_NULL_CONVERSION = YES;
				CLANG_WARN_OBJC_IMPLICIT_RETAIN_SELF = YES;
				CLANG_WARN_OBJC_LITERAL_CONVERSION = YES;
				CLANG_WARN_OBJC_ROOT_CLASS = YES_ERROR;
				CLANG_WARN_RANGE_LOOP_ANALYSIS = YES;
				CLANG_WARN_STRICT_PROTOTYPES = YES;
				CLANG_WARN_SUSPICIOUS_MOVE = YES;
				CLANG_WARN_UNGUARDED_AVAILABILITY = YES_AGGRESSIVE;
				CLANG_WARN_UNREACHABLE_CODE = YES;
				CLANG_WARN__DUPLICATE_METHOD_MATCH = YES;
				CODE_SIGN_IDENTITY = "iPhone Developer";
				COPY_PHASE_STRIP = NO;
				DEBUG_INFORMATION_FORMAT = dwarf;
				ENABLE_STRICT_OBJC_MSGSEND = YES;
				ENABLE_TESTABILITY = YES;
				GCC_C_LANGUAGE_STANDARD = gnu11;
				GCC_DYNAMIC_NO_PIC = NO;
				GCC_NO_COMMON_BLOCKS = YES;
				GCC_OPTIMIZATION_LEVEL = 0;
				GCC_PREPROCESSOR_DEFINITIONS = (
					"DEBUG=1",
					"$(inherited)",
				);
				GCC_WARN_64_TO_32_BIT_CONVERSION = YES;
				GCC_WARN_ABOUT_RETURN_TYPE = YES_ERROR;
				GCC_WARN_UNDECLARED_SELECTOR = YES;
				GCC_WARN_UNINITIALIZED_AUTOS = YES_AGGRESSIVE;
				GCC_WARN_UNUSED_FUNCTION = YES;
				GCC_WARN_UNUSED_VARIABLE = YES;
				IPHONEOS_DEPLOYMENT_TARGET = 11.4;
				MTL_ENABLE_DEBUG_INFO = YES;
				ONLY_ACTIVE_ARCH = YES;
				SDKROOT = iphoneos;
			};
			name = Debug;
		};
		190015CE21359298004B0DE5 /* Release */ = {
			isa = XCBuildConfiguration;
			buildSettings = {
				ALWAYS_SEARCH_USER_PATHS = NO;
				CLANG_ANALYZER_NONNULL = YES;
				CLANG_ANALYZER_NUMBER_OBJECT_CONVERSION = YES_AGGRESSIVE;
				CLANG_CXX_LANGUAGE_STANDARD = "gnu++14";
				CLANG_CXX_LIBRARY = "libc++";
				CLANG_ENABLE_MODULES = YES;
				CLANG_ENABLE_OBJC_ARC = YES;
				CLANG_ENABLE_OBJC_WEAK = YES;
				CLANG_WARN_BLOCK_CAPTURE_AUTORELEASING = YES;
				CLANG_WARN_BOOL_CONVERSION = YES;
				CLANG_WARN_COMMA = YES;
				CLANG_WARN_CONSTANT_CONVERSION = YES;
				CLANG_WARN_DEPRECATED_OBJC_IMPLEMENTATIONS = YES;
				CLANG_WARN_DIRECT_OBJC_ISA_USAGE = YES_ERROR;
				CLANG_WARN_DOCUMENTATION_COMMENTS = YES;
				CLANG_WARN_EMPTY_BODY = YES;
				CLANG_WARN_ENUM_CONVERSION = YES;
				CLANG_WARN_INFINITE_RECURSION = YES;
				CLANG_WARN_INT_CONVERSION = YES;
				CLANG_WARN_NON_LITERAL_NULL_CONVERSION = YES;
				CLANG_WARN_OBJC_IMPLICIT_RETAIN_SELF = YES;
				CLANG_WARN_OBJC_LITERAL_CONVERSION = YES;
				CLANG_WARN_OBJC_ROOT_CLASS = YES_ERROR;
				CLANG_WARN_RANGE_LOOP_ANALYSIS = YES;
				CLANG_WARN_STRICT_PROTOTYPES = YES;
				CLANG_WARN_SUSPICIOUS_MOVE = YES;
				CLANG_WARN_UNGUARDED_AVAILABILITY = YES_AGGRESSIVE;
				CLANG_WARN_UNREACHABLE_CODE = YES;
				CLANG_WARN__DUPLICATE_METHOD_MATCH = YES;
				CODE_SIGN_IDENTITY = "iPhone Developer";
				COPY_PHASE_STRIP = NO;
				DEBUG_INFORMATION_FORMAT = "dwarf-with-dsym";
				ENABLE_NS_ASSERTIONS = NO;
				ENABLE_STRICT_OBJC_MSGSEND = YES;
				GCC_C_LANGUAGE_STANDARD = gnu11;
				GCC_NO_COMMON_BLOCKS = YES;
				GCC_WARN_64_TO_32_BIT_CONVERSION = YES;
				GCC_WARN_ABOUT_RETURN_TYPE = YES_ERROR;
				GCC_WARN_UNDECLARED_SELECTOR = YES;
				GCC_WARN_UNINITIALIZED_AUTOS = YES_AGGRESSIVE;
				GCC_WARN_UNUSED_FUNCTION = YES;
				GCC_WARN_UNUSED_VARIABLE = YES;
				IPHONEOS_DEPLOYMENT_TARGET = 11.4;
				MTL_ENABLE_DEBUG_INFO = NO;
				SDKROOT = iphoneos;
				VALIDATE_PRODUCT = YES;
			};
			name = Release;
		};
		190015D021359298004B0DE5 /* Debug */ = {
			isa = XCBuildConfiguration;
			baseConfigurationReference = 41F8AFFCD79CA6BBE1C1F684 /* Pods-CTNetworking.debug.xcconfig */;
			buildSettings = {
				ASSETCATALOG_COMPILER_APPICON_NAME = AppIcon;
				CODE_SIGN_STYLE = Automatic;
				INFOPLIST_FILE = CTNetworking/Info.plist;
				LD_RUNPATH_SEARCH_PATHS = "$(inherited) @executable_path/Frameworks";
				PRODUCT_BUNDLE_IDENTIFIER = cn.lindev.CTNetworking;
				PRODUCT_NAME = "$(TARGET_NAME)";
				TARGETED_DEVICE_FAMILY = "1,2";
			};
			name = Debug;
		};
		190015D121359298004B0DE5 /* Release */ = {
			isa = XCBuildConfiguration;
			baseConfigurationReference = B5CFED98142F111F3A0D5925 /* Pods-CTNetworking.release.xcconfig */;
			buildSettings = {
				ASSETCATALOG_COMPILER_APPICON_NAME = AppIcon;
				CODE_SIGN_STYLE = Automatic;
				INFOPLIST_FILE = CTNetworking/Info.plist;
				LD_RUNPATH_SEARCH_PATHS = "$(inherited) @executable_path/Frameworks";
				PRODUCT_BUNDLE_IDENTIFIER = cn.lindev.CTNetworking;
				PRODUCT_NAME = "$(TARGET_NAME)";
				TARGETED_DEVICE_FAMILY = "1,2";
			};
			name = Release;
		};
		190015D321359298004B0DE5 /* Debug */ = {
			isa = XCBuildConfiguration;
			buildSettings = {
				BUNDLE_LOADER = "$(TEST_HOST)";
				CODE_SIGN_STYLE = Automatic;
				INFOPLIST_FILE = CTNetworkingTests/Info.plist;
				LD_RUNPATH_SEARCH_PATHS = "$(inherited) @executable_path/Frameworks @loader_path/Frameworks";
				PRODUCT_BUNDLE_IDENTIFIER = cn.lindev.CTNetworkingTests;
				PRODUCT_NAME = "$(TARGET_NAME)";
				TARGETED_DEVICE_FAMILY = "1,2";
				TEST_HOST = "$(BUILT_PRODUCTS_DIR)/CTNetworking.app/CTNetworking";
			};
			name = Debug;
		};
		190015D421359298004B0DE5 /* Release */ = {
			isa = XCBuildConfiguration;
			buildSettings = {
				BUNDLE_LOADER = "$(TEST_HOST)";
				CODE_SIGN_STYLE = Automatic;
				INFOPLIST_FILE = CTNetworkingTests/Info.plist;
				LD_RUNPATH_SEARCH_PATHS = "$(inherited) @executable_path/Frameworks @loader_path/Frameworks";
				PRODUCT_BUNDLE_IDENTIFIER = cn.lindev.CTNetworkingTests;
				PRODUCT_NAME = "$(TARGET_NAME)";
				TARGETED_DEVICE_FAMILY = "1,2";
				TEST_HOST = "$(BUILT_PRODUCTS_DIR)/CTNetworking.app/CTNetworking";
			};
			name = Release;
		};
		190015D621359298004B0DE5 /* Debug */ = {
			isa = XCBuildConfiguration;
			buildSettings = {
				CODE_SIGN_STYLE = Automatic;
				INFOPLIST_FILE = CTNetworkingUITests/Info.plist;
				LD_RUNPATH_SEARCH_PATHS = "$(inherited) @executable_path/Frameworks @loader_path/Frameworks";
				PRODUCT_BUNDLE_IDENTIFIER = cn.lindev.CTNetworkingUITests;
				PRODUCT_NAME = "$(TARGET_NAME)";
				TARGETED_DEVICE_FAMILY = "1,2";
				TEST_TARGET_NAME = CTNetworking;
			};
			name = Debug;
		};
		190015D721359298004B0DE5 /* Release */ = {
			isa = XCBuildConfiguration;
			buildSettings = {
				CODE_SIGN_STYLE = Automatic;
				INFOPLIST_FILE = CTNetworkingUITests/Info.plist;
				LD_RUNPATH_SEARCH_PATHS = "$(inherited) @executable_path/Frameworks @loader_path/Frameworks";
				PRODUCT_BUNDLE_IDENTIFIER = cn.lindev.CTNetworkingUITests;
				PRODUCT_NAME = "$(TARGET_NAME)";
				TARGETED_DEVICE_FAMILY = "1,2";
				TEST_TARGET_NAME = CTNetworking;
			};
			name = Release;
		};
/* End XCBuildConfiguration section */

/* Begin XCConfigurationList section */
		1900159E21359293004B0DE5 /* Build configuration list for PBXProject "CTNetworking" */ = {
			isa = XCConfigurationList;
			buildConfigurations = (
				190015CD21359298004B0DE5 /* Debug */,
				190015CE21359298004B0DE5 /* Release */,
			);
			defaultConfigurationIsVisible = 0;
			defaultConfigurationName = Release;
		};
		190015CF21359298004B0DE5 /* Build configuration list for PBXNativeTarget "CTNetworking" */ = {
			isa = XCConfigurationList;
			buildConfigurations = (
				190015D021359298004B0DE5 /* Debug */,
				190015D121359298004B0DE5 /* Release */,
			);
			defaultConfigurationIsVisible = 0;
			defaultConfigurationName = Release;
		};
		190015D221359298004B0DE5 /* Build configuration list for PBXNativeTarget "CTNetworkingTests" */ = {
			isa = XCConfigurationList;
			buildConfigurations = (
				190015D321359298004B0DE5 /* Debug */,
				190015D421359298004B0DE5 /* Release */,
			);
			defaultConfigurationIsVisible = 0;
			defaultConfigurationName = Release;
		};
		190015D521359298004B0DE5 /* Build configuration list for PBXNativeTarget "CTNetworkingUITests" */ = {
			isa = XCConfigurationList;
			buildConfigurations = (
				190015D621359298004B0DE5 /* Debug */,
				190015D721359298004B0DE5 /* Release */,
			);
			defaultConfigurationIsVisible = 0;
			defaultConfigurationName = Release;
		};
/* End XCConfigurationList section */
	};
	rootObject = 1900159B21359293004B0DE5 /* Project object */;
}
